
Microsoft Visual Studio Solution File, Format Version 12.00
# Visual Studio Version 16
VisualStudioVersion = 16.0.31613.86
MinimumVisualStudioVersion = 10.0.40219.1
Project("{FAE04EC0-301F-11D3-BF4B-00C04F79EFBC}") = "sakk", "sakk\sakk.csproj", "{37518097-D897-48CA-B9A3-847A12BF1AE3}"
EndProject
Global
	GlobalSection(SolutionConfigurationPlatforms) = preSolution
		Debug|Any CPU = Debug|Any CPU
		Release|Any CPU = Release|Any CPU
	EndGlobalSection
	GlobalSection(ProjectConfigurationPlatforms) = postSolution
		{37518097-D897-48CA-B9A3-847A12BF1AE3}.Debug|Any CPU.ActiveCfg = Debug|Any CPU
		{37518097-D897-48CA-B9A3-847A12BF1AE3}.Debug|Any CPU.Build.0 = Debug|Any CPU
		{37518097-D897-48CA-B9A3-847A12BF1AE3}.Release|Any CPU.ActiveCfg = Release|Any CPU
		{37518097-D897-48CA-B9A3-847A12BF1AE3}.Release|Any CPU.Build.0 = Release|Any CPU
	EndGlobalSection
	GlobalSection(SolutionProperties) = preSolution
		HideSolutionNode = FALSE
	EndGlobalSection
	GlobalSection(ExtensibilityGlobals) = postSolution
		SolutionGuid = {DC034EFF-BDCF-4890-9491-C91425EE693B}
	EndGlobalSection
EndGlobal
